<?xml version="1.0" encoding="utf-8"?>
<Project ToolsVersion="4.0" xmlns="http://schemas.microsoft.com/developer/msbuild/2003">
  <ItemGroup>
    <Filter Include="Quelldateien">
      <UniqueIdentifier>{4FC737F1-C7A5-4376-A066-2A32D752A2FF}</UniqueIdentifier>
      <Extensions>cpp;c;cc;cxx;c++;cppm;ixx;def;odl;idl;hpj;bat;asm;asmx</Extensions>
    </Filter>
    <Filter Include="Headerdateien">
      <UniqueIdentifier>{93995380-89BD-4b04-88EB-625FBE52EBFB}</UniqueIdentifier>
      <Extensions>h;hh;hpp;hxx;h++;hm;inl;inc;ipp;xsd</Extensions>
    </Filter>
    <Filter Include="Ressourcendateien">
      <UniqueIdentifier>{67DA6AB6-F800-4c08-8B7A-83BB121AAD01}</UniqueIdentifier>
      <Extensions>rc;ico;cur;bmp;dlg;rc2;rct;bin;rgs;gif;jpg;jpeg;jpe;resx;tiff;tif;png;wav;mfcribbon-ms</Extensions>
    </Filter>
  </ItemGroup>
  <ItemGroup>
    <ClInclude Include="Color.h">
      <Filter>Headerdateien</Filter>
    </ClInclude>
    <ClInclude Include="PixelBuffer.h">
      <Filter>Headerdateien</Filter>
    </ClInclude>
    <ClInclude Include="Texture.h">
      <Filter>Headerdateien</Filter>
    </ClInclude>
    <ClInclude Include="Material.h">
      <Filter>Headerdateien</Filter>
    </ClInclude>
    <ClInclude Include="RenderTriangle3D.h">
      <Filter>Headerdateien</Filter>
    </ClInclude>
    <ClInclude Include="InterRenderTriangle.h">
      <Filter>Headerdateien</Filter>
    </ClInclude>
    <ClInclude Include="ProjectionProperties.h">
      <Filter>Headerdateien</Filter>
    </ClInclude>
    <ClInclude Include="WorkerPool.h">
      <Filter>Headerdateien</Filter>
    </ClInclude>
    <ClInclude Include="CrossPlatformSyscalls.h">
      <Filter>Headerdateien</Filter>
    </ClInclude>
    <ClInclude Include="ClippingEngine.h">
      <Filter>Headerdateien</Filter>
    </ClInclude>
    <ClInclude Include="Vertex.h">
      <Filter>Headerdateien</Filter>
    </ClInclude>
    <ClInclude Include="InterRenderVertex.h">
      <Filter>Headerdateien</Filter>
    </ClInclude>
    <ClInclude Include="BarycentricInterpolationEngine.h">
      <Filter>Headerdateien</Filter>
    </ClInclude>
    <ClInclude Include="ProjectionEngine.h">
      <Filter>Headerdateien</Filter>
    </ClInclude>
    <ClInclude Include="DrawingEngine.h">
      <Filter>Headerdateien</Filter>
    </ClInclude>
    <ClInclude Include="Tornado.h">
      <Filter>Headerdateien</Filter>
    </ClInclude>
    <ClInclude Include="Endian.h">
      <Filter>Headerdateien</Filter>
    </ClInclude>
    <ClInclude Include="BackfaceCullingEngine.h">
      <Filter>Headerdateien</Filter>
    </ClInclude>
    <ClInclude Include="LightingEngine.h">
      <Filter>Headerdateien</Filter>
    </ClInclude>
    <ClInclude Include="RenderLightSource.h">
      <Filter>Headerdateien</Filter>
    </ClInclude>
    <ClInclude Include="RenderPointLight.h">
      <Filter>Headerdateien</Filter>
    </ClInclude>
    <ClInclude Include="BoundingBox.h">
      <Filter>Headerdateien</Filter>
    </ClInclude>
  </ItemGroup>
  <ItemGroup>
    <ClCompile Include="Texture.cpp">
      <Filter>Quelldateien</Filter>
    </ClCompile>
    <ClCompile Include="Color.cpp">
      <Filter>Quelldateien</Filter>
    </ClCompile>
    <ClCompile Include="ProjectionProperties.cpp">
      <Filter>Quelldateien</Filter>
    </ClCompile>
    <ClCompile Include="WorkerPool.cpp">
      <Filter>Quelldateien</Filter>
    </ClCompile>
    <ClCompile Include="CrossPlatformSyscalls.cpp">
      <Filter>Quelldateien</Filter>
    </ClCompile>
    <ClCompile Include="ClippingEngine.cpp">
      <Filter>Quelldateien</Filter>
    </ClCompile>
    <ClCompile Include="InterRenderVertex.cpp">
      <Filter>Quelldateien</Filter>
    </ClCompile>
    <ClCompile Include="BarycentricInterpolationEngine.cpp">
      <Filter>Quelldateien</Filter>
    </ClCompile>
    <ClCompile Include="ProjectionEngine.cpp">
      <Filter>Quelldateien</Filter>
    </ClCompile>
    <ClCompile Include="DrawingEngine.cpp">
      <Filter>Quelldateien</Filter>
    </ClCompile>
    <ClCompile Include="InterRenderTriangle.cpp">
      <Filter>Quelldateien</Filter>
    </ClCompile>
    <ClCompile Include="Tornado.cpp">
      <Filter>Quelldateien</Filter>
    </ClCompile>
    <ClCompile Include="Material.cpp">
      <Filter>Quelldateien</Filter>
    </ClCompile>
    <ClCompile Include="BackfaceCullingEngine.cpp">
      <Filter>Quelldateien</Filter>
    </ClCompile>
    <ClCompile Include="LightingEngine.cpp">
      <Filter>Quelldateien</Filter>
    </ClCompile>
    <ClCompile Include="RenderLightSource.cpp">
      <Filter>Quelldateien</Filter>
    </ClCompile>
    <ClCompile Include="RenderPointLight.cpp">
      <Filter>Quelldateien</Filter>
    </ClCompile>
    <ClCompile Include="BoundingBox.cpp">
      <Filter>Quelldateien</Filter>
    </ClCompile>
  </ItemGroup>
</Project>